
Microsoft Visual Studio Solution File, Format Version 12.00
# Visual Studio Version 16
VisualStudioVersion = 16.0.31205.134
MinimumVisualStudioVersion = 10.0.40219.1
Project("{FAE04EC0-301F-11D3-BF4B-00C04F79EFBC}") = "XML_Library", "XML_Library\XML_Library.csproj", "{9EA4B337-ECCC-414B-BCD5-12A39056349B}"
EndProject
Project("{FAE04EC0-301F-11D3-BF4B-00C04F79EFBC}") = "JSON_Library", "JSON_Library\JSON_Library.csproj", "{6D1A6C12-F03D-4DFA-8BA6-326B2FC1B0DA}"
EndProject
Project("{FAE04EC0-301F-11D3-BF4B-00C04F79EFBC}") = "ENUM_Library", "ENUM_Library\ENUM_Library.csproj", "{C5F4BF88-F6BE-47C3-BB30-BE473EFA08F9}"
EndProject
Global
	GlobalSection(SolutionConfigurationPlatforms) = preSolution
		Debug|Any CPU = Debug|Any CPU
		Release|Any CPU = Release|Any CPU
	EndGlobalSection
	GlobalSection(ProjectConfigurationPlatforms) = postSolution
		{9EA4B337-ECCC-414B-BCD5-12A39056349B}.Debug|Any CPU.ActiveCfg = Debug|Any CPU
		{9EA4B337-ECCC-414B-BCD5-12A39056349B}.Debug|Any CPU.Build.0 = Debug|Any CPU
		{9EA4B337-ECCC-414B-BCD5-12A39056349B}.Release|Any CPU.ActiveCfg = Release|Any CPU
		{9EA4B337-ECCC-414B-BCD5-12A39056349B}.Release|Any CPU.Build.0 = Release|Any CPU
		{6D1A6C12-F03D-4DFA-8BA6-326B2FC1B0DA}.Debug|Any CPU.ActiveCfg = Debug|Any CPU
		{6D1A6C12-F03D-4DFA-8BA6-326B2FC1B0DA}.Debug|Any CPU.Build.0 = Debug|Any CPU
		{6D1A6C12-F03D-4DFA-8BA6-326B2FC1B0DA}.Release|Any CPU.ActiveCfg = Release|Any CPU
		{6D1A6C12-F03D-4DFA-8BA6-326B2FC1B0DA}.Release|Any CPU.Build.0 = Release|Any CPU
		{C5F4BF88-F6BE-47C3-BB30-BE473EFA08F9}.Debug|Any CPU.ActiveCfg = Debug|Any CPU
		{C5F4BF88-F6BE-47C3-BB30-BE473EFA08F9}.Debug|Any CPU.Build.0 = Debug|Any CPU
		{C5F4BF88-F6BE-47C3-BB30-BE473EFA08F9}.Release|Any CPU.ActiveCfg = Release|Any CPU
		{C5F4BF88-F6BE-47C3-BB30-BE473EFA08F9}.Release|Any CPU.Build.0 = Release|Any CPU
	EndGlobalSection
	GlobalSection(SolutionProperties) = preSolution
		HideSolutionNode = FALSE
	EndGlobalSection
	GlobalSection(ExtensibilityGlobals) = postSolution
		SolutionGuid = {22F24253-E264-4489-914E-4E60EFB1AA65}
	EndGlobalSection
EndGlobal
